Microsoft Visual Studio Solution File, Format Version 12.00
# Visual Studio Version 17
VisualStudioVersion = 17.5.2.0
MinimumVisualStudioVersion = 10.0.40219.1
Project("{FAE04EC0-301F-11D3-BF4B-00C04F79EFBC}") = "v2", "v2.csproj", "{AF4D7EAA-0F0D-7B6C-112C-90B6D15273EE}"
EndProject
Global
	GlobalSection(SolutionConfigurationPlatforms) = preSolution
		Debug|Any CPU = Debug|Any CPU
		Release|Any CPU = Release|Any CPU
	EndGlobalSection
	GlobalSection(ProjectConfigurationPlatforms) = postSolution
		{AF4D7EAA-0F0D-7B6C-112C-90B6D15273EE}.Debug|Any CPU.ActiveCfg = Debug|Any CPU
		{AF4D7EAA-0F0D-7B6C-112C-90B6D15273EE}.Debug|Any CPU.Build.0 = Debug|Any CPU
		{AF4D7EAA-0F0D-7B6C-112C-90B6D15273EE}.Release|Any CPU.ActiveCfg = Release|Any CPU
		{AF4D7EAA-0F0D-7B6C-112C-90B6D15273EE}.Release|Any CPU.Build.0 = Release|Any CPU
	EndGlobalSection
	GlobalSection(SolutionProperties) = preSolution
		HideSolutionNode = FALSE
	EndGlobalSection
	GlobalSection(ExtensibilityGlobals) = postSolution
		SolutionGuid = {32F79573-1937-407E-89E8-875C358ED44D}
	EndGlobalSection
EndGlobal
